{
  "name": "krew",
  "version": "1.0.0",
  "lockfileVersion": 1,
  "requires": true,
  "dependencies": {
    "@types/node": {
      "version": "10.11.7",
      "resolved": "https://registry.npmjs.org/@types/node/-/node-10.11.7.tgz",
      "integrity": "sha512-yOxFfkN9xUFLyvWaeYj90mlqTJ41CsQzWKS3gXdOMOyPVacUsymejKxJ4/pMW7exouubuEeZLJawGgcNGYlTeg=="
    },
    "blood-donor": {
      "version": "1.1.0",
      "resolved": "https://registry.npmjs.org/blood-donor/-/blood-donor-1.1.0.tgz",
      "integrity": "sha1-51tOX2L9xPqSagQSCmHJY7Uq4Io=",
      "requires": {
        "bloodtype-validator": "0.0.2"
      }
    },
    "bloodtype-validator": {
      "version": "0.0.2",
      "resolved": "https://registry.npmjs.org/bloodtype-validator/-/bloodtype-validator-0.0.2.tgz",
      "integrity": "sha1-twdS9IlXDeh9PMjP31cM7GmlK3o="
    },
    "debug": {
      "version": "4.1.0",
      "resolved": "https://registry.npmjs.org/debug/-/debug-4.1.0.tgz",
      "integrity": "sha512-heNPJUJIqC+xB6ayLAMHaIrmN9HKa7aQO8MGqKpvCA+uJYVcvR6l5kgdrhRuwPFHU7P5/A1w0BjByPHwpfTDKg==",
      "requires": {
        "ms": "^2.1.1"
      }
    },
    "dotenv": {
      "version": "6.1.0",
      "resolved": "https://registry.npmjs.org/dotenv/-/dotenv-6.1.0.tgz",
      "integrity": "sha512-/veDn2ztgRlB7gKmE3i9f6CmDIyXAy6d5nBq+whO9SLX+Zs1sXEgFLPi+aSuWqUuusMfbi84fT8j34fs1HaYUw=="
    },
    "ms": {
      "version": "2.1.1",
      "resolved": "https://registry.npmjs.org/ms/-/ms-2.1.1.tgz",
      "integrity": "sha512-tgp+dl5cGk28utYktBsrFqA7HKgrhgPsg6Z/EfhWI4gl1Hwq8B/GmY/0oXZ6nF8hDVesS/FpnYaD/kOWhYQvyg=="
    },
    "node-fetch": {
      "version": "2.6.1",
      "resolved": "https://registry.npmjs.org/node-fetch/-/node-fetch-2.6.1.tgz",
      "integrity": "sha512-V4aYg89jEoVRxRb2fJdAg8FHvI7cEyYdVAh94HH0UIK8oJxUfkjlDQN9RbMx+bEjP7+ggMiFRprSti032Oipxw=="
    },
    "sandwich-stream": {
      "version": "1.0.0",
      "resolved": "https://registry.npmjs.org/sandwich-stream/-/sandwich-stream-1.0.0.tgz",
      "integrity": "sha1-eDDkV5e1kzKH8fmyj4cZB0ViYvI="
    },
    "telegraf": {
      "version": "3.24.1",
      "resolved": "https://registry.npmjs.org/telegraf/-/telegraf-3.24.1.tgz",
      "integrity": "sha512-+beVzq+fZ+kDpIWKM+MzxqIfHDYqYvklmDYrO2Kz7JsZaMsBcRAP9rvbyu9hpgwqDLaa4jrrGRVScaWTOiraNg==",
      "requires": {
        "@types/node": "^10.1.2",
        "debug": "^4.0.1",
        "node-fetch": "^2.2.0",
        "sandwich-stream": "^1.0.0",
        "telegram-typings": "^3.6.0"
      }
    },
    "telegraf-inline-menu": {
      "version": "3.2.1",
      "resolved": "https://registry.npmjs.org/telegraf-inline-menu/-/telegraf-inline-menu-3.2.1.tgz",
      "integrity": "sha512-VmOwbre1oFJ1TcxsGflrnhMiCBROExRaPN1R+jHnmnp+sSuyMuL9IvRu0W4fOT44EdsXf5ozcnsh6M+Lpv9zLA==",
      "requires": {
        "telegraf": "^3.23.0"
      }
    },
    "telegram-typings": {
      "version": "3.6.1",
      "resolved": "https://registry.npmjs.org/telegram-typings/-/telegram-typings-3.6.1.tgz",
      "integrity": "sha512-njVv1EAhIZnmQVLocZEADYUyqA1WIXuVcDYlsp+mXua/XB0pxx+PKtMSPeZ/EE4wPWTw9h/hA9ASTT6yQelkiw=="
    }
  }
}
